# This file is automatically @generated by Cargo.
# It is not intended for manual editing.
[[package]]
name = "fishers_exact"
version = "1.0.1"
source = "registry+https://github.com/rust-lang/crates.io-index"
checksum = "64993467e77edcbfce160dae38337b4c538aa0e8027039c6eabba8fa335c7b1e"

[[package]]
name = "rust"
version = "0.1.0"
dependencies = [
 "fishers_exact",
]
